
Microsoft Visual Studio Solution File, Format Version 12.00
# Visual Studio 15
VisualStudioVersion = 15.0.27703.2042
MinimumVisualStudioVersion = 10.0.40219.1
Project("{9A19103F-16F7-4668-BE54-9A1E7A4F7556}") = "BeachCabinReservation", "BeachCabinReservation\BeachCabinReservation.csproj", "{6E6472F8-947B-4730-8BA5-AADC2D0A69D5}"
EndProject
Project("{FAE04EC0-301F-11D3-BF4B-00C04F79EFBC}") = "BeachCabinReservation.Crosscutting", "BeachCabinReservation.Crosscutting\BeachCabinReservation.Crosscutting.csproj", "{8398C287-E4EB-48ED-B31D-67B992A3A801}"
EndProject
Project("{FAE04EC0-301F-11D3-BF4B-00C04F79EFBC}") = "BeachCabinReservation.Business", "BeachCabinReservation.Business\BeachCabinReservation.Business.csproj", "{ECDD42CA-D9B4-4E34-BBD1-96E31ACCBE4F}"
EndProject
Project("{FAE04EC0-301F-11D3-BF4B-00C04F79EFBC}") = "BeachCabinReservation.Data", "BeachCabinReservation.Data\BeachCabinReservation.Data.csproj", "{69F53A01-86F9-4360-B852-BD365C37345C}"
EndProject
Project("{FAE04EC0-301F-11D3-BF4B-00C04F79EFBC}") = "BeachCabinReservation.Test", "BeachCabinReservation.Test\BeachCabinReservation.Test.csproj", "{7ABFC95D-F2F6-4093-BBA1-E826418A1265}"
EndProject
Global
	GlobalSection(SolutionConfigurationPlatforms) = preSolution
		Debug|Any CPU = Debug|Any CPU
		Release|Any CPU = Release|Any CPU
	EndGlobalSection
	GlobalSection(ProjectConfigurationPlatforms) = postSolution
		{6E6472F8-947B-4730-8BA5-AADC2D0A69D5}.Debug|Any CPU.ActiveCfg = Debug|Any CPU
		{6E6472F8-947B-4730-8BA5-AADC2D0A69D5}.Debug|Any CPU.Build.0 = Debug|Any CPU
		{6E6472F8-947B-4730-8BA5-AADC2D0A69D5}.Release|Any CPU.ActiveCfg = Release|Any CPU
		{6E6472F8-947B-4730-8BA5-AADC2D0A69D5}.Release|Any CPU.Build.0 = Release|Any CPU
		{8398C287-E4EB-48ED-B31D-67B992A3A801}.Debug|Any CPU.ActiveCfg = Debug|Any CPU
		{8398C287-E4EB-48ED-B31D-67B992A3A801}.Debug|Any CPU.Build.0 = Debug|Any CPU
		{8398C287-E4EB-48ED-B31D-67B992A3A801}.Release|Any CPU.ActiveCfg = Release|Any CPU
		{8398C287-E4EB-48ED-B31D-67B992A3A801}.Release|Any CPU.Build.0 = Release|Any CPU
		{ECDD42CA-D9B4-4E34-BBD1-96E31ACCBE4F}.Debug|Any CPU.ActiveCfg = Debug|Any CPU
		{ECDD42CA-D9B4-4E34-BBD1-96E31ACCBE4F}.Debug|Any CPU.Build.0 = Debug|Any CPU
		{ECDD42CA-D9B4-4E34-BBD1-96E31ACCBE4F}.Release|Any CPU.ActiveCfg = Release|Any CPU
		{ECDD42CA-D9B4-4E34-BBD1-96E31ACCBE4F}.Release|Any CPU.Build.0 = Release|Any CPU
		{69F53A01-86F9-4360-B852-BD365C37345C}.Debug|Any CPU.ActiveCfg = Debug|Any CPU
		{69F53A01-86F9-4360-B852-BD365C37345C}.Debug|Any CPU.Build.0 = Debug|Any CPU
		{69F53A01-86F9-4360-B852-BD365C37345C}.Release|Any CPU.ActiveCfg = Release|Any CPU
		{69F53A01-86F9-4360-B852-BD365C37345C}.Release|Any CPU.Build.0 = Release|Any CPU
		{7ABFC95D-F2F6-4093-BBA1-E826418A1265}.Debug|Any CPU.ActiveCfg = Debug|Any CPU
		{7ABFC95D-F2F6-4093-BBA1-E826418A1265}.Debug|Any CPU.Build.0 = Debug|Any CPU
		{7ABFC95D-F2F6-4093-BBA1-E826418A1265}.Release|Any CPU.ActiveCfg = Release|Any CPU
		{7ABFC95D-F2F6-4093-BBA1-E826418A1265}.Release|Any CPU.Build.0 = Release|Any CPU
	EndGlobalSection
	GlobalSection(SolutionProperties) = preSolution
		HideSolutionNode = FALSE
	EndGlobalSection
	GlobalSection(ExtensibilityGlobals) = postSolution
		SolutionGuid = {1CC60872-1C89-4DCC-9352-A4728114D03B}
	EndGlobalSection
EndGlobal
